// !$*UTF8*$!
{
	archiveVersion = 1;
	classes = {
	};
	objectVersion = 56;
	objects = {

/* Begin PBXBuildFile section */
		4F75ACCA2A6052C20080BB18 /* Trafaret in Frameworks */ = {isa = PBXBuildFile; productRef = 4F75ACC92A6052C20080BB18 /* Trafaret */; };
		4FFC0A752A4C94C200CBE66E /* AooApp.swift in Sources */ = {isa = PBXBuildFile; fileRef = 4FFC0A742A4C94C200CBE66E /* AooApp.swift */; };
		4FFC0A772A4C94C200CBE66E /* ContentView.swift in Sources */ = {isa = PBXBuildFile; fileRef = 4FFC0A762A4C94C200CBE66E /* ContentView.swift */; };
		4FFC0A792A4C94C300CBE66E /* Assets.xcassets in Resources */ = {isa = PBXBuildFile; fileRef = 4FFC0A782A4C94C300CBE66E /* Assets.xcassets */; };
		4FFC0A7C2A4C94C300CBE66E /* Preview Assets.xcassets in Resources */ = {isa = PBXBuildFile; fileRef = 4FFC0A7B2A4C94C300CBE66E /* Preview Assets.xcassets */; };
		4FFC0A8A2A4C95C600CBE66E /* AooTests.swift in Sources */ = {isa = PBXBuildFile; fileRef = 4FFC0A892A4C95C600CBE66E /* AooTests.swift */; };
		4FFC0A942A4C970A00CBE66E /* SnapshotTesting in Frameworks */ = {isa = PBXBuildFile; productRef = 4FFC0A932A4C970A00CBE66E /* SnapshotTesting */; };
/* End PBXBuildFile section */

/* Begin PBXContainerItemProxy section */
		4FFC0A8B2A4C95C600CBE66E /* PBXContainerItemProxy */ = {
			isa = PBXContainerItemProxy;
			containerPortal = 4FDAA59B2A3C71FC00A4C332 /* Project object */;
			proxyType = 1;
			remoteGlobalIDString = 4FFC0A712A4C94C200CBE66E;
			remoteInfo = Aoo;
		};
/* End PBXContainerItemProxy section */

/* Begin PBXFileReference section */
		4FFC0A722A4C94C200CBE66E /* Aoo.app */ = {isa = PBXFileReference; explicitFileType = wrapper.application; includeInIndex = 0; path = Aoo.app; sourceTree = BUILT_PRODUCTS_DIR; };
		4FFC0A742A4C94C200CBE66E /* AooApp.swift */ = {isa = PBXFileReference; lastKnownFileType = sourcecode.swift; path = AooApp.swift; sourceTree = "<group>"; };
		4FFC0A762A4C94C200CBE66E /* ContentView.swift */ = {isa = PBXFileReference; lastKnownFileType = sourcecode.swift; path = ContentView.swift; sourceTree = "<group>"; };
		4FFC0A782A4C94C300CBE66E /* Assets.xcassets */ = {isa = PBXFileReference; lastKnownFileType = folder.assetcatalog; path = Assets.xcassets; sourceTree = "<group>"; };
		4FFC0A7B2A4C94C300CBE66E /* Preview Assets.xcassets */ = {isa = PBXFileReference; lastKnownFileType = folder.assetcatalog; path = "Preview Assets.xcassets"; sourceTree = "<group>"; };
		4FFC0A872A4C95C600CBE66E /* AooTests.xctest */ = {isa = PBXFileReference; explicitFileType = wrapper.cfbundle; includeInIndex = 0; path = AooTests.xctest; sourceTree = BUILT_PRODUCTS_DIR; };
		4FFC0A892A4C95C600CBE66E /* AooTests.swift */ = {isa = PBXFileReference; lastKnownFileType = sourcecode.swift; path = AooTests.swift; sourceTree = "<group>"; };
/* End PBXFileReference section */

/* Begin PBXFrameworksBuildPhase section */
		4FFC0A6F2A4C94C200CBE66E /* Frameworks */ = {
			isa = PBXFrameworksBuildPhase;
			buildActionMask = 2147483647;
			files = (
				4F75ACCA2A6052C20080BB18 /* Trafaret in Frameworks */,
			);
			runOnlyForDeploymentPostprocessing = 0;
		};
		4FFC0A842A4C95C600CBE66E /* Frameworks */ = {
			isa = PBXFrameworksBuildPhase;
			buildActionMask = 2147483647;
			files = (
				4FFC0A942A4C970A00CBE66E /* SnapshotTesting in Frameworks */,
			);
			runOnlyForDeploymentPostprocessing = 0;
		};
/* End PBXFrameworksBuildPhase section */

/* Begin PBXGroup section */
		4FDAA59A2A3C71FC00A4C332 = {
			isa = PBXGroup;
			children = (
				4FFC0A732A4C94C200CBE66E /* Aoo */,
				4FFC0A882A4C95C600CBE66E /* AooTests */,
				4FDAA5A42A3C71FC00A4C332 /* Products */,
				4FFC0A902A4C96DD00CBE66E /* Frameworks */,
			);
			sourceTree = "<group>";
		};
		4FDAA5A42A3C71FC00A4C332 /* Products */ = {
			isa = PBXGroup;
			children = (
				4FFC0A722A4C94C200CBE66E /* Aoo.app */,
				4FFC0A872A4C95C600CBE66E /* AooTests.xctest */,
			);
			name = Products;
			sourceTree = "<group>";
		};
		4FFC0A732A4C94C200CBE66E /* Aoo */ = {
			isa = PBXGroup;
			children = (
				4FFC0A742A4C94C200CBE66E /* AooApp.swift */,
				4FFC0A762A4C94C200CBE66E /* ContentView.swift */,
				4FFC0A782A4C94C300CBE66E /* Assets.xcassets */,
				4FFC0A7A2A4C94C300CBE66E /* Preview Content */,
			);
			path = Aoo;
			sourceTree = "<group>";
		};
		4FFC0A7A2A4C94C300CBE66E /* Preview Content */ = {
			isa = PBXGroup;
			children = (
				4FFC0A7B2A4C94C300CBE66E /* Preview Assets.xcassets */,
			);
			path = "Preview Content";
			sourceTree = "<group>";
		};
		4FFC0A882A4C95C600CBE66E /* AooTests */ = {
			isa = PBXGroup;
			children = (
				4FFC0A892A4C95C600CBE66E /* AooTests.swift */,
			);
			path = AooTests;
			sourceTree = "<group>";
		};
		4FFC0A902A4C96DD00CBE66E /* Frameworks */ = {
			isa = PBXGroup;
			children = (
			);
			name = Frameworks;
			sourceTree = "<group>";
		};
/* End PBXGroup section */

/* Begin PBXNativeTarget section */
		4FFC0A712A4C94C200CBE66E /* Aoo */ = {
			isa = PBXNativeTarget;
			buildConfigurationList = 4FFC0A7F2A4C94C300CBE66E /* Build configuration list for PBXNativeTarget "Aoo" */;
			buildPhases = (
				4FFC0A6E2A4C94C200CBE66E /* Sources */,
				4FFC0A6F2A4C94C200CBE66E /* Frameworks */,
				4FFC0A702A4C94C200CBE66E /* Resources */,
			);
			buildRules = (
			);
			dependencies = (
			);
			name = Aoo;
			packageProductDependencies = (
				4F75ACC92A6052C20080BB18 /* Trafaret */,
			);
			productName = Aoo;
			productReference = 4FFC0A722A4C94C200CBE66E /* Aoo.app */;
			productType = "com.apple.product-type.application";
		};
		4FFC0A862A4C95C600CBE66E /* AooTests */ = {
			isa = PBXNativeTarget;
			buildConfigurationList = 4FFC0A8D2A4C95C600CBE66E /* Build configuration list for PBXNativeTarget "AooTests" */;
			buildPhases = (
				4FFC0A832A4C95C600CBE66E /* Sources */,
				4FFC0A842A4C95C600CBE66E /* Frameworks */,
				4FFC0A852A4C95C600CBE66E /* Resources */,
			);
			buildRules = (
			);
			dependencies = (
				4FFC0A8C2A4C95C600CBE66E /* PBXTargetDependency */,
			);
			name = AooTests;
			packageProductDependencies = (
				4FFC0A932A4C970A00CBE66E /* SnapshotTesting */,
			);
			productName = AooTests;
			productReference = 4FFC0A872A4C95C600CBE66E /* AooTests.xctest */;
			productType = "com.apple.product-type.bundle.unit-test";
		};
/* End PBXNativeTarget section */

/* Begin PBXProject section */
		4FDAA59B2A3C71FC00A4C332 /* Project object */ = {
			isa = PBXProject;
			attributes = {
				BuildIndependentTargetsInParallel = 1;
				LastSwiftUpdateCheck = 1430;
				LastUpgradeCheck = 1430;
				TargetAttributes = {
					4FFC0A712A4C94C200CBE66E = {
						CreatedOnToolsVersion = 14.3.1;
					};
					4FFC0A862A4C95C600CBE66E = {
						CreatedOnToolsVersion = 14.3.1;
						TestTargetID = 4FFC0A712A4C94C200CBE66E;
					};
				};
			};
			buildConfigurationList = 4FDAA59E2A3C71FC00A4C332 /* Build configuration list for PBXProject "Rounding" */;
			compatibilityVersion = "Xcode 14.0";
			developmentRegion = en;
			hasScannedForEncodings = 0;
			knownRegions = (
				en,
				Base,
			);
			mainGroup = 4FDAA59A2A3C71FC00A4C332;
			packageReferences = (
				4FFC0A802A4C954700CBE66E /* XCRemoteSwiftPackageReference "swift-snapshot-testing" */,
			);
			productRefGroup = 4FDAA5A42A3C71FC00A4C332 /* Products */;
			projectDirPath = "";
			projectRoot = "";
			targets = (
				4FFC0A712A4C94C200CBE66E /* Aoo */,
				4FFC0A862A4C95C600CBE66E /* AooTests */,
			);
		};
/* End PBXProject section */

/* Begin PBXResourcesBuildPhase section */
		4FFC0A702A4C94C200CBE66E /* Resources */ = {
			isa = PBXResourcesBuildPhase;
			buildActionMask = 2147483647;
			files = (
				4FFC0A7C2A4C94C300CBE66E /* Preview Assets.xcassets in Resources */,
				4FFC0A792A4C94C300CBE66E /* Assets.xcassets in Resources */,
			);
			runOnlyForDeploymentPostprocessing = 0;
		};
		4FFC0A852A4C95C600CBE66E /* Resources */ = {
			isa = PBXResourcesBuildPhase;
			buildActionMask = 2147483647;
			files = (
			);
			runOnlyForDeploymentPostprocessing = 0;
		};
/* End PBXResourcesBuildPhase section */

/* Begin PBXSourcesBuildPhase section */
		4FFC0A6E2A4C94C200CBE66E /* Sources */ = {
			isa = PBXSourcesBuildPhase;
			buildActionMask = 2147483647;
			files = (
				4FFC0A772A4C94C200CBE66E /* ContentView.swift in Sources */,
				4FFC0A752A4C94C200CBE66E /* AooApp.swift in Sources */,
			);
			runOnlyForDeploymentPostprocessing = 0;
		};
		4FFC0A832A4C95C600CBE66E /* Sources */ = {
			isa = PBXSourcesBuildPhase;
			buildActionMask = 2147483647;
			files = (
				4FFC0A8A2A4C95C600CBE66E /* AooTests.swift in Sources */,
			);
			runOnlyForDeploymentPostprocessing = 0;
		};
/* End PBXSourcesBuildPhase section */

/* Begin PBXTargetDependency section */
		4FFC0A8C2A4C95C600CBE66E /* PBXTargetDependency */ = {
			isa = PBXTargetDependency;
			target = 4FFC0A712A4C94C200CBE66E /* Aoo */;
			targetProxy = 4FFC0A8B2A4C95C600CBE66E /* PBXContainerItemProxy */;
		};
/* End PBXTargetDependency section */

/* Begin XCBuildConfiguration section */
		4FDAA5B02A3C71FE00A4C332 /* Debug */ = {
			isa = XCBuildConfiguration;
			buildSettings = {
				ALWAYS_SEARCH_USER_PATHS = NO;
				CLANG_ANALYZER_NONNULL = YES;
				CLANG_ANALYZER_NUMBER_OBJECT_CONVERSION = YES_AGGRESSIVE;
				CLANG_CXX_LANGUAGE_STANDARD = "gnu++20";
				CLANG_ENABLE_MODULES = YES;
				CLANG_ENABLE_OBJC_ARC = YES;
				CLANG_ENABLE_OBJC_WEAK = YES;
				CLANG_WARN_BLOCK_CAPTURE_AUTORELEASING = YES;
				CLANG_WARN_BOOL_CONVERSION = YES;
				CLANG_WARN_COMMA = YES;
				CLANG_WARN_CONSTANT_CONVERSION = YES;
				CLANG_WARN_DEPRECATED_OBJC_IMPLEMENTATIONS = YES;
				CLANG_WARN_DIRECT_OBJC_ISA_USAGE = YES_ERROR;
				CLANG_WARN_DOCUMENTATION_COMMENTS = YES;
				CLANG_WARN_EMPTY_BODY = YES;
				CLANG_WARN_ENUM_CONVERSION = YES;
				CLANG_WARN_INFINITE_RECURSION = YES;
				CLANG_WARN_INT_CONVERSION = YES;
				CLANG_WARN_NON_LITERAL_NULL_CONVERSION = YES;
				CLANG_WARN_OBJC_IMPLICIT_RETAIN_SELF = YES;
				CLANG_WARN_OBJC_LITERAL_CONVERSION = YES;
				CLANG_WARN_OBJC_ROOT_CLASS = YES_ERROR;
				CLANG_WARN_QUOTED_INCLUDE_IN_FRAMEWORK_HEADER = YES;
				CLANG_WARN_RANGE_LOOP_ANALYSIS = YES;
				CLANG_WARN_STRICT_PROTOTYPES = YES;
				CLANG_WARN_SUSPICIOUS_MOVE = YES;
				CLANG_WARN_UNGUARDED_AVAILABILITY = YES_AGGRESSIVE;
				CLANG_WARN_UNREACHABLE_CODE = YES;
				CLANG_WARN__DUPLICATE_METHOD_MATCH = YES;
				COPY_PHASE_STRIP = NO;
				DEBUG_INFORMATION_FORMAT = dwarf;
				ENABLE_STRICT_OBJC_MSGSEND = YES;
				ENABLE_TESTABILITY = YES;
				GCC_C_LANGUAGE_STANDARD = gnu11;
				GCC_DYNAMIC_NO_PIC = NO;
				GCC_NO_COMMON_BLOCKS = YES;
				GCC_OPTIMIZATION_LEVEL = 0;
				GCC_PREPROCESSOR_DEFINITIONS = (
					"DEBUG=1",
					"$(inherited)",
				);
				GCC_WARN_64_TO_32_BIT_CONVERSION = YES;
				GCC_WARN_ABOUT_RETURN_TYPE = YES_ERROR;
				GCC_WARN_UNDECLARED_SELECTOR = YES;
				GCC_WARN_UNINITIALIZED_AUTOS = YES_AGGRESSIVE;
				GCC_WARN_UNUSED_FUNCTION = YES;
				GCC_WARN_UNUSED_VARIABLE = YES;
				MACOSX_DEPLOYMENT_TARGET = 13.3;
				MTL_ENABLE_DEBUG_INFO = INCLUDE_SOURCE;
				MTL_FAST_MATH = YES;
				ONLY_ACTIVE_ARCH = YES;
				SDKROOT = macosx;
				SWIFT_ACTIVE_COMPILATION_CONDITIONS = DEBUG;
				SWIFT_OPTIMIZATION_LEVEL = "-Onone";
			};
			name = Debug;
		};
		4FDAA5B12A3C71FE00A4C332 /* Release */ = {
			isa = XCBuildConfiguration;
			buildSettings = {
				ALWAYS_SEARCH_USER_PATHS = NO;
				CLANG_ANALYZER_NONNULL = YES;
				CLANG_ANALYZER_NUMBER_OBJECT_CONVERSION = YES_AGGRESSIVE;
				CLANG_CXX_LANGUAGE_STANDARD = "gnu++20";
				CLANG_ENABLE_MODULES = YES;
				CLANG_ENABLE_OBJC_ARC = YES;
				CLANG_ENABLE_OBJC_WEAK = YES;
				CLANG_WARN_BLOCK_CAPTURE_AUTORELEASING = YES;
				CLANG_WARN_BOOL_CONVERSION = YES;
				CLANG_WARN_COMMA = YES;
				CLANG_WARN_CONSTANT_CONVERSION = YES;
				CLANG_WARN_DEPRECATED_OBJC_IMPLEMENTATIONS = YES;
				CLANG_WARN_DIRECT_OBJC_ISA_USAGE = YES_ERROR;
				CLANG_WARN_DOCUMENTATION_COMMENTS = YES;
				CLANG_WARN_EMPTY_BODY = YES;
				CLANG_WARN_ENUM_CONVERSION = YES;
				CLANG_WARN_INFINITE_RECURSION = YES;
				CLANG_WARN_INT_CONVERSION = YES;
				CLANG_WARN_NON_LITERAL_NULL_CONVERSION = YES;
				CLANG_WARN_OBJC_IMPLICIT_RETAIN_SELF = YES;
				CLANG_WARN_OBJC_LITERAL_CONVERSION = YES;
				CLANG_WARN_OBJC_ROOT_CLASS = YES_ERROR;
				CLANG_WARN_QUOTED_INCLUDE_IN_FRAMEWORK_HEADER = YES;
				CLANG_WARN_RANGE_LOOP_ANALYSIS = YES;
				CLANG_WARN_STRICT_PROTOTYPES = YES;
				CLANG_WARN_SUSPICIOUS_MOVE = YES;
				CLANG_WARN_UNGUARDED_AVAILABILITY = YES_AGGRESSIVE;
				CLANG_WARN_UNREACHABLE_CODE = YES;
				CLANG_WARN__DUPLICATE_METHOD_MATCH = YES;
				COPY_PHASE_STRIP = NO;
				DEBUG_INFORMATION_FORMAT = "dwarf-with-dsym";
				ENABLE_NS_ASSERTIONS = NO;
				ENABLE_STRICT_OBJC_MSGSEND = YES;
				GCC_C_LANGUAGE_STANDARD = gnu11;
				GCC_NO_COMMON_BLOCKS = YES;
				GCC_WARN_64_TO_32_BIT_CONVERSION = YES;
				GCC_WARN_ABOUT_RETURN_TYPE = YES_ERROR;
				GCC_WARN_UNDECLARED_SELECTOR = YES;
				GCC_WARN_UNINITIALIZED_AUTOS = YES_AGGRESSIVE;
				GCC_WARN_UNUSED_FUNCTION = YES;
				GCC_WARN_UNUSED_VARIABLE = YES;
				MACOSX_DEPLOYMENT_TARGET = 13.3;
				MTL_ENABLE_DEBUG_INFO = NO;
				MTL_FAST_MATH = YES;
				SDKROOT = macosx;
				SWIFT_COMPILATION_MODE = wholemodule;
				SWIFT_OPTIMIZATION_LEVEL = "-O";
			};
			name = Release;
		};
		4FFC0A7D2A4C94C300CBE66E /* Debug */ = {
			isa = XCBuildConfiguration;
			buildSettings = {
				ASSETCATALOG_COMPILER_APPICON_NAME = AppIcon;
				ASSETCATALOG_COMPILER_GLOBAL_ACCENT_COLOR_NAME = AccentColor;
				CODE_SIGN_STYLE = Automatic;
				CURRENT_PROJECT_VERSION = 1;
				DEVELOPMENT_ASSET_PATHS = "\"Aoo/Preview Content\"";
				DEVELOPMENT_TEAM = 652WGSHHF4;
				ENABLE_PREVIEWS = YES;
				GENERATE_INFOPLIST_FILE = YES;
				INFOPLIST_KEY_UIApplicationSceneManifest_Generation = YES;
				INFOPLIST_KEY_UIApplicationSupportsIndirectInputEvents = YES;
				INFOPLIST_KEY_UILaunchScreen_Generation = YES;
				INFOPLIST_KEY_UISupportedInterfaceOrientations_iPad = "UIInterfaceOrientationPortrait UIInterfaceOrientationPortraitUpsideDown UIInterfaceOrientationLandscapeLeft UIInterfaceOrientationLandscapeRight";
				INFOPLIST_KEY_UISupportedInterfaceOrientations_iPhone = "UIInterfaceOrientationPortrait UIInterfaceOrientationLandscapeLeft UIInterfaceOrientationLandscapeRight";
				IPHONEOS_DEPLOYMENT_TARGET = 15.0;
				LD_RUNPATH_SEARCH_PATHS = (
					"$(inherited)",
					"@executable_path/Frameworks",
				);
				MARKETING_VERSION = 1.0;
				PRODUCT_BUNDLE_IDENTIFIER = com.headway.Aoo;
				PRODUCT_NAME = "$(TARGET_NAME)";
				SDKROOT = iphoneos;
				SWIFT_EMIT_LOC_STRINGS = YES;
				SWIFT_VERSION = 5.0;
				TARGETED_DEVICE_FAMILY = "1,2";
			};
			name = Debug;
		};
		4FFC0A7E2A4C94C300CBE66E /* Release */ = {
			isa = XCBuildConfiguration;
			buildSettings = {
				ASSETCATALOG_COMPILER_APPICON_NAME = AppIcon;
				ASSETCATALOG_COMPILER_GLOBAL_ACCENT_COLOR_NAME = AccentColor;
				CODE_SIGN_STYLE = Automatic;
				CURRENT_PROJECT_VERSION = 1;
				DEVELOPMENT_ASSET_PATHS = "\"Aoo/Preview Content\"";
				DEVELOPMENT_TEAM = 652WGSHHF4;
				ENABLE_PREVIEWS = YES;
				GENERATE_INFOPLIST_FILE = YES;
				INFOPLIST_KEY_UIApplicationSceneManifest_Generation = YES;
				INFOPLIST_KEY_UIApplicationSupportsIndirectInputEvents = YES;
				INFOPLIST_KEY_UILaunchScreen_Generation = YES;
				INFOPLIST_KEY_UISupportedInterfaceOrientations_iPad = "UIInterfaceOrientationPortrait UIInterfaceOrientationPortraitUpsideDown UIInterfaceOrientationLandscapeLeft UIInterfaceOrientationLandscapeRight";
				INFOPLIST_KEY_UISupportedInterfaceOrientations_iPhone = "UIInterfaceOrientationPortrait UIInterfaceOrientationLandscapeLeft UIInterfaceOrientationLandscapeRight";
				IPHONEOS_DEPLOYMENT_TARGET = 15.0;
				LD_RUNPATH_SEARCH_PATHS = (
					"$(inherited)",
					"@executable_path/Frameworks",
				);
				MARKETING_VERSION = 1.0;
				PRODUCT_BUNDLE_IDENTIFIER = com.headway.Aoo;
				PRODUCT_NAME = "$(TARGET_NAME)";
				SDKROOT = iphoneos;
				SWIFT_EMIT_LOC_STRINGS = YES;
				SWIFT_VERSION = 5.0;
				TARGETED_DEVICE_FAMILY = "1,2";
				VALIDATE_PRODUCT = YES;
			};
			name = Release;
		};
		4FFC0A8E2A4C95C600CBE66E /* Debug */ = {
			isa = XCBuildConfiguration;
			buildSettings = {
				BUNDLE_LOADER = "$(TEST_HOST)";
				CODE_SIGN_STYLE = Automatic;
				CURRENT_PROJECT_VERSION = 1;
				DEVELOPMENT_TEAM = 652WGSHHF4;
				GENERATE_INFOPLIST_FILE = YES;
				IPHONEOS_DEPLOYMENT_TARGET = 16.4;
				MARKETING_VERSION = 1.0;
				PRODUCT_BUNDLE_IDENTIFIER = com.headway.AooTests;
				PRODUCT_NAME = "$(TARGET_NAME)";
				SDKROOT = iphoneos;
				SWIFT_EMIT_LOC_STRINGS = NO;
				SWIFT_VERSION = 5.0;
				TARGETED_DEVICE_FAMILY = "1,2";
				TEST_HOST = "$(BUILT_PRODUCTS_DIR)/Aoo.app/$(BUNDLE_EXECUTABLE_FOLDER_PATH)/Aoo";
			};
			name = Debug;
		};
		4FFC0A8F2A4C95C600CBE66E /* Release */ = {
			isa = XCBuildConfiguration;
			buildSettings = {
				BUNDLE_LOADER = "$(TEST_HOST)";
				CODE_SIGN_STYLE = Automatic;
				CURRENT_PROJECT_VERSION = 1;
				DEVELOPMENT_TEAM = 652WGSHHF4;
				GENERATE_INFOPLIST_FILE = YES;
				IPHONEOS_DEPLOYMENT_TARGET = 16.4;
				MARKETING_VERSION = 1.0;
				PRODUCT_BUNDLE_IDENTIFIER = com.headway.AooTests;
				PRODUCT_NAME = "$(TARGET_NAME)";
				SDKROOT = iphoneos;
				SWIFT_EMIT_LOC_STRINGS = NO;
				SWIFT_VERSION = 5.0;
				TARGETED_DEVICE_FAMILY = "1,2";
				TEST_HOST = "$(BUILT_PRODUCTS_DIR)/Aoo.app/$(BUNDLE_EXECUTABLE_FOLDER_PATH)/Aoo";
				VALIDATE_PRODUCT = YES;
			};
			name = Release;
		};
/* End XCBuildConfiguration section */

/* Begin XCConfigurationList section */
		4FDAA59E2A3C71FC00A4C332 /* Build configuration list for PBXProject "Rounding" */ = {
			isa = XCConfigurationList;
			buildConfigurations = (
				4FDAA5B02A3C71FE00A4C332 /* Debug */,
				4FDAA5B12A3C71FE00A4C332 /* Release */,
			);
			defaultConfigurationIsVisible = 0;
			defaultConfigurationName = Release;
		};
		4FFC0A7F2A4C94C300CBE66E /* Build configuration list for PBXNativeTarget "Aoo" */ = {
			isa = XCConfigurationList;
			buildConfigurations = (
				4FFC0A7D2A4C94C300CBE66E /* Debug */,
				4FFC0A7E2A4C94C300CBE66E /* Release */,
			);
			defaultConfigurationIsVisible = 0;
			defaultConfigurationName = Release;
		};
		4FFC0A8D2A4C95C600CBE66E /* Build configuration list for PBXNativeTarget "AooTests" */ = {
			isa = XCConfigurationList;
			buildConfigurations = (
				4FFC0A8E2A4C95C600CBE66E /* Debug */,
				4FFC0A8F2A4C95C600CBE66E /* Release */,
			);
			defaultConfigurationIsVisible = 0;
			defaultConfigurationName = Release;
		};
/* End XCConfigurationList section */

/* Begin XCRemoteSwiftPackageReference section */
		4FFC0A802A4C954700CBE66E /* XCRemoteSwiftPackageReference "swift-snapshot-testing" */ = {
			isa = XCRemoteSwiftPackageReference;
			repositoryURL = "https://github.com/pointfreeco/swift-snapshot-testing";
			requirement = {
				kind = upToNextMajorVersion;
				minimumVersion = 1.0.0;
			};
		};
/* End XCRemoteSwiftPackageReference section */

/* Begin XCSwiftPackageProductDependency section */
		4F75ACC92A6052C20080BB18 /* Trafaret */ = {
			isa = XCSwiftPackageProductDependency;
			productName = Trafaret;
		};
		4FFC0A932A4C970A00CBE66E /* SnapshotTesting */ = {
			isa = XCSwiftPackageProductDependency;
			package = 4FFC0A802A4C954700CBE66E /* XCRemoteSwiftPackageReference "swift-snapshot-testing" */;
			productName = SnapshotTesting;
		};
/* End XCSwiftPackageProductDependency section */
	};
	rootObject = 4FDAA59B2A3C71FC00A4C332 /* Project object */;
}
